// !$*UTF8*$!
{
	archiveVersion = 1;
	classes = {
	};
	objectVersion = 56;
	objects = {

/* Begin PBXBuildFile section */
		02C35D10289E5CC50099541B /* AppDelegate.swift in Sources */ = {isa = PBXBuildFile; fileRef = 02C35D0F289E5CC50099541B /* AppDelegate.swift */; };
		02C35D12289E5CC50099541B /* SceneDelegate.swift in Sources */ = {isa = PBXBuildFile; fileRef = 02C35D11289E5CC50099541B /* SceneDelegate.swift */; };
		02C35D14289E5CC50099541B /* ViewController.swift in Sources */ = {isa = PBXBuildFile; fileRef = 02C35D13289E5CC50099541B /* ViewController.swift */; };
		02C35D17289E5CC50099541B /* Main.storyboard in Resources */ = {isa = PBXBuildFile; fileRef = 02C35D15289E5CC50099541B /* Main.storyboard */; };
		02C35D1A289E5CC50099541B /* CurrencyApp.xcdatamodeld in Sources */ = {isa = PBXBuildFile; fileRef = 02C35D18289E5CC50099541B /* CurrencyApp.xcdatamodeld */; };
		02C35D1C289E5CC60099541B /* Assets.xcassets in Resources */ = {isa = PBXBuildFile; fileRef = 02C35D1B289E5CC60099541B /* Assets.xcassets */; };
		02C35D1F289E5CC60099541B /* LaunchScreen.storyboard in Resources */ = {isa = PBXBuildFile; fileRef = 02C35D1D289E5CC60099541B /* LaunchScreen.storyboard */; };
		02C35D27289E5CD20099541B /* Constants.swift in Sources */ = {isa = PBXBuildFile; fileRef = 02C35D26289E5CD20099541B /* Constants.swift */; };
/* End PBXBuildFile section */

/* Begin PBXFileReference section */
		02C35D0C289E5CC50099541B /* CurrencyApp.app */ = {isa = PBXFileReference; explicitFileType = wrapper.application; includeInIndex = 0; path = CurrencyApp.app; sourceTree = BUILT_PRODUCTS_DIR; };
		02C35D0F289E5CC50099541B /* AppDelegate.swift */ = {isa = PBXFileReference; lastKnownFileType = sourcecode.swift; path = AppDelegate.swift; sourceTree = "<group>"; };
		02C35D11289E5CC50099541B /* SceneDelegate.swift */ = {isa = PBXFileReference; lastKnownFileType = sourcecode.swift; path = SceneDelegate.swift; sourceTree = "<group>"; };
		02C35D13289E5CC50099541B /* ViewController.swift */ = {isa = PBXFileReference; lastKnownFileType = sourcecode.swift; path = ViewController.swift; sourceTree = "<group>"; };
		02C35D16289E5CC50099541B /* Base */ = {isa = PBXFileReference; lastKnownFileType = file.storyboard; name = Base; path = Base.lproj/Main.storyboard; sourceTree = "<group>"; };
		02C35D19289E5CC50099541B /* CurrencyApp.xcdatamodel */ = {isa = PBXFileReference; lastKnownFileType = wrapper.xcdatamodel; path = CurrencyApp.xcdatamodel; sourceTree = "<group>"; };
		02C35D1B289E5CC60099541B /* Assets.xcassets */ = {isa = PBXFileReference; lastKnownFileType = folder.assetcatalog; path = Assets.xcassets; sourceTree = "<group>"; };
		02C35D1E289E5CC60099541B /* Base */ = {isa = PBXFileReference; lastKnownFileType = file.storyboard; name = Base; path = Base.lproj/LaunchScreen.storyboard; sourceTree = "<group>"; };
		02C35D20289E5CC60099541B /* Info.plist */ = {isa = PBXFileReference; lastKnownFileType = text.plist.xml; path = Info.plist; sourceTree = "<group>"; };
		02C35D26289E5CD20099541B /* Constants.swift */ = {isa = PBXFileReference; lastKnownFileType = sourcecode.swift; path = Constants.swift; sourceTree = "<group>"; };
/* End PBXFileReference section */

/* Begin PBXFrameworksBuildPhase section */
		02C35D09289E5CC50099541B /* Frameworks */ = {
			isa = PBXFrameworksBuildPhase;
			buildActionMask = 2147483647;
			files = (
			);
			runOnlyForDeploymentPostprocessing = 0;
		};
/* End PBXFrameworksBuildPhase section */

/* Begin PBXGroup section */
		02C35D03289E5CC50099541B = {
			isa = PBXGroup;
			children = (
				02C35D0E289E5CC50099541B /* CurrencyApp */,
				02C35D0D289E5CC50099541B /* Products */,
			);
			sourceTree = "<group>";
		};
		02C35D0D289E5CC50099541B /* Products */ = {
			isa = PBXGroup;
			children = (
				02C35D0C289E5CC50099541B /* CurrencyApp.app */,
			);
			name = Products;
			sourceTree = "<group>";
		};
		02C35D0E289E5CC50099541B /* CurrencyApp */ = {
			isa = PBXGroup;
			children = (
				02C35D0F289E5CC50099541B /* AppDelegate.swift */,
				02C35D11289E5CC50099541B /* SceneDelegate.swift */,
				02C35D13289E5CC50099541B /* ViewController.swift */,
				02C35D26289E5CD20099541B /* Constants.swift */,
				02C35D15289E5CC50099541B /* Main.storyboard */,
				02C35D1B289E5CC60099541B /* Assets.xcassets */,
				02C35D1D289E5CC60099541B /* LaunchScreen.storyboard */,
				02C35D20289E5CC60099541B /* Info.plist */,
				02C35D18289E5CC50099541B /* CurrencyApp.xcdatamodeld */,
			);
			path = CurrencyApp;
			sourceTree = "<group>";
		};
/* End PBXGroup section */

/* Begin PBXNativeTarget section */
		02C35D0B289E5CC50099541B /* CurrencyApp */ = {
			isa = PBXNativeTarget;
			buildConfigurationList = 02C35D23289E5CC60099541B /* Build configuration list for PBXNativeTarget "CurrencyApp" */;
			buildPhases = (
				02C35D08289E5CC50099541B /* Sources */,
				02C35D09289E5CC50099541B /* Frameworks */,
				02C35D0A289E5CC50099541B /* Resources */,
			);
			buildRules = (
			);
			dependencies = (
			);
			name = CurrencyApp;
			productName = CurrencyApp;
			productReference = 02C35D0C289E5CC50099541B /* CurrencyApp.app */;
			productType = "com.apple.product-type.application";
		};
/* End PBXNativeTarget section */

/* Begin PBXProject section */
		02C35D04289E5CC50099541B /* Project object */ = {
			isa = PBXProject;
			attributes = {
				BuildIndependentTargetsInParallel = 1;
				LastSwiftUpdateCheck = 1400;
				LastUpgradeCheck = 1400;
				TargetAttributes = {
					02C35D0B289E5CC50099541B = {
						CreatedOnToolsVersion = 14.0;
					};
				};
			};
			buildConfigurationList = 02C35D07289E5CC50099541B /* Build configuration list for PBXProject "CurrencyApp" */;
			compatibilityVersion = "Xcode 14.0";
			developmentRegion = en;
			hasScannedForEncodings = 0;
			knownRegions = (
				en,
				Base,
			);
			mainGroup = 02C35D03289E5CC50099541B;
			productRefGroup = 02C35D0D289E5CC50099541B /* Products */;
			projectDirPath = "";
			projectRoot = "";
			targets = (
				02C35D0B289E5CC50099541B /* CurrencyApp */,
			);
		};
/* End PBXProject section */

/* Begin PBXResourcesBuildPhase section */
		02C35D0A289E5CC50099541B /* Resources */ = {
			isa = PBXResourcesBuildPhase;
			buildActionMask = 2147483647;
			files = (
				02C35D1F289E5CC60099541B /* LaunchScreen.storyboard in Resources */,
				02C35D1C289E5CC60099541B /* Assets.xcassets in Resources */,
				02C35D17289E5CC50099541B /* Main.storyboard in Resources */,
			);
			runOnlyForDeploymentPostprocessing = 0;
		};
/* End PBXResourcesBuildPhase section */

/* Begin PBXSourcesBuildPhase section */
		02C35D08289E5CC50099541B /* Sources */ = {
			isa = PBXSourcesBuildPhase;
			buildActionMask = 2147483647;
			files = (
				02C35D27289E5CD20099541B /* Constants.swift in Sources */,
				02C35D1A289E5CC50099541B /* CurrencyApp.xcdatamodeld in Sources */,
				02C35D14289E5CC50099541B /* ViewController.swift in Sources */,
				02C35D10289E5CC50099541B /* AppDelegate.swift in Sources */,
				02C35D12289E5CC50099541B /* SceneDelegate.swift in Sources */,
			);
			runOnlyForDeploymentPostprocessing = 0;
		};
/* End PBXSourcesBuildPhase section */

/* Begin PBXVariantGroup section */
		02C35D15289E5CC50099541B /* Main.storyboard */ = {
			isa = PBXVariantGroup;
			children = (
				02C35D16289E5CC50099541B /* Base */,
			);
			name = Main.storyboard;
			sourceTree = "<group>";
		};
		02C35D1D289E5CC60099541B /* LaunchScreen.storyboard */ = {
			isa = PBXVariantGroup;
			children = (
				02C35D1E289E5CC60099541B /* Base */,
			);
			name = LaunchScreen.storyboard;
			sourceTree = "<group>";
		};
/* End PBXVariantGroup section */

/* Begin XCBuildConfiguration section */
		02C35D21289E5CC60099541B /* Debug */ = {
			isa = XCBuildConfiguration;
			buildSettings = {
				ALWAYS_SEARCH_USER_PATHS = NO;
				CLANG_ANALYZER_NONNULL = YES;
				CLANG_ANALYZER_NUMBER_OBJECT_CONVERSION = YES_AGGRESSIVE;
				CLANG_CXX_LANGUAGE_STANDARD = "gnu++20";
				CLANG_ENABLE_MODULES = YES;
				CLANG_ENABLE_OBJC_ARC = YES;
				CLANG_ENABLE_OBJC_WEAK = YES;
				CLANG_WARN_BLOCK_CAPTURE_AUTORELEASING = YES;
				CLANG_WARN_BOOL_CONVERSION = YES;
				CLANG_WARN_COMMA = YES;
				CLANG_WARN_CONSTANT_CONVERSION = YES;
				CLANG_WARN_DEPRECATED_OBJC_IMPLEMENTATIONS = YES;
				CLANG_WARN_DIRECT_OBJC_ISA_USAGE = YES_ERROR;
				CLANG_WARN_DOCUMENTATION_COMMENTS = YES;
				CLANG_WARN_EMPTY_BODY = YES;
				CLANG_WARN_ENUM_CONVERSION = YES;
				CLANG_WARN_INFINITE_RECURSION = YES;
				CLANG_WARN_INT_CONVERSION = YES;
				CLANG_WARN_NON_LITERAL_NULL_CONVERSION = YES;
				CLANG_WARN_OBJC_IMPLICIT_RETAIN_SELF = YES;
				CLANG_WARN_OBJC_LITERAL_CONVERSION = YES;
				CLANG_WARN_OBJC_ROOT_CLASS = YES_ERROR;
				CLANG_WARN_QUOTED_INCLUDE_IN_FRAMEWORK_HEADER = YES;
				CLANG_WARN_RANGE_LOOP_ANALYSIS = YES;
				CLANG_WARN_STRICT_PROTOTYPES = YES;
				CLANG_WARN_SUSPICIOUS_MOVE = YES;
				CLANG_WARN_UNGUARDED_AVAILABILITY = YES_AGGRESSIVE;
				CLANG_WARN_UNREACHABLE_CODE = YES;
				CLANG_WARN__DUPLICATE_METHOD_MATCH = YES;
				COPY_PHASE_STRIP = NO;
				DEBUG_INFORMATION_FORMAT = dwarf;
				ENABLE_STRICT_OBJC_MSGSEND = YES;
				ENABLE_TESTABILITY = YES;
				GCC_C_LANGUAGE_STANDARD = gnu11;
				GCC_DYNAMIC_NO_PIC = NO;
				GCC_NO_COMMON_BLOCKS = YES;
				GCC_OPTIMIZATION_LEVEL = 0;
				GCC_PREPROCESSOR_DEFINITIONS = (
					"DEBUG=1",
					"$(inherited)",
				);
				GCC_WARN_64_TO_32_BIT_CONVERSION = YES;
				GCC_WARN_ABOUT_RETURN_TYPE = YES_ERROR;
				GCC_WARN_UNDECLARED_SELECTOR = YES;
				GCC_WARN_UNINITIALIZED_AUTOS = YES_AGGRESSIVE;
				GCC_WARN_UNUSED_FUNCTION = YES;
				GCC_WARN_UNUSED_VARIABLE = YES;
				IPHONEOS_DEPLOYMENT_TARGET = 16.0;
				MTL_ENABLE_DEBUG_INFO = INCLUDE_SOURCE;
				MTL_FAST_MATH = YES;
				ONLY_ACTIVE_ARCH = YES;
				SDKROOT = iphoneos;
				SWIFT_ACTIVE_COMPILATION_CONDITIONS = DEBUG;
				SWIFT_OPTIMIZATION_LEVEL = "-Onone";
			};
			name = Debug;
		};
		02C35D22289E5CC60099541B /* Release */ = {
			isa = XCBuildConfiguration;
			buildSettings = {
				ALWAYS_SEARCH_USER_PATHS = NO;
				CLANG_ANALYZER_NONNULL = YES;
				CLANG_ANALYZER_NUMBER_OBJECT_CONVERSION = YES_AGGRESSIVE;
				CLANG_CXX_LANGUAGE_STANDARD = "gnu++20";
				CLANG_ENABLE_MODULES = YES;
				CLANG_ENABLE_OBJC_ARC = YES;
				CLANG_ENABLE_OBJC_WEAK = YES;
				CLANG_WARN_BLOCK_CAPTURE_AUTORELEASING = YES;
				CLANG_WARN_BOOL_CONVERSION = YES;
				CLANG_WARN_COMMA = YES;
				CLANG_WARN_CONSTANT_CONVERSION = YES;
				CLANG_WARN_DEPRECATED_OBJC_IMPLEMENTATIONS = YES;
				CLANG_WARN_DIRECT_OBJC_ISA_USAGE = YES_ERROR;
				CLANG_WARN_DOCUMENTATION_COMMENTS = YES;
				CLANG_WARN_EMPTY_BODY = YES;
				CLANG_WARN_ENUM_CONVERSION = YES;
				CLANG_WARN_INFINITE_RECURSION = YES;
				CLANG_WARN_INT_CONVERSION = YES;
				CLANG_WARN_NON_LITERAL_NULL_CONVERSION = YES;
				CLANG_WARN_OBJC_IMPLICIT_RETAIN_SELF = YES;
				CLANG_WARN_OBJC_LITERAL_CONVERSION = YES;
				CLANG_WARN_OBJC_ROOT_CLASS = YES_ERROR;
				CLANG_WARN_QUOTED_INCLUDE_IN_FRAMEWORK_HEADER = YES;
				CLANG_WARN_RANGE_LOOP_ANALYSIS = YES;
				CLANG_WARN_STRICT_PROTOTYPES = YES;
				CLANG_WARN_SUSPICIOUS_MOVE = YES;
				CLANG_WARN_UNGUARDED_AVAILABILITY = YES_AGGRESSIVE;
				CLANG_WARN_UNREACHABLE_CODE = YES;
				CLANG_WARN__DUPLICATE_METHOD_MATCH = YES;
				COPY_PHASE_STRIP = NO;
				DEBUG_INFORMATION_FORMAT = "dwarf-with-dsym";
				ENABLE_NS_ASSERTIONS = NO;
				ENABLE_STRICT_OBJC_MSGSEND = YES;
				GCC_C_LANGUAGE_STANDARD = gnu11;
				GCC_NO_COMMON_BLOCKS = YES;
				GCC_WARN_64_TO_32_BIT_CONVERSION = YES;
				GCC_WARN_ABOUT_RETURN_TYPE = YES_ERROR;
				GCC_WARN_UNDECLARED_SELECTOR = YES;
				GCC_WARN_UNINITIALIZED_AUTOS = YES_AGGRESSIVE;
				GCC_WARN_UNUSED_FUNCTION = YES;
				GCC_WARN_UNUSED_VARIABLE = YES;
				IPHONEOS_DEPLOYMENT_TARGET = 16.0;
				MTL_ENABLE_DEBUG_INFO = NO;
				MTL_FAST_MATH = YES;
				SDKROOT = iphoneos;
				SWIFT_COMPILATION_MODE = wholemodule;
				SWIFT_OPTIMIZATION_LEVEL = "-O";
				VALIDATE_PRODUCT = YES;
			};
			name = Release;
		};
		02C35D24289E5CC60099541B /* Debug */ = {
			isa = XCBuildConfiguration;
			buildSettings = {
				ASSETCATALOG_COMPILER_APPICON_NAME = AppIcon;
				ASSETCATALOG_COMPILER_GLOBAL_ACCENT_COLOR_NAME = AccentColor;
				CODE_SIGN_STYLE = Automatic;
				CURRENT_PROJECT_VERSION = 1;
				GENERATE_INFOPLIST_FILE = YES;
				INFOPLIST_FILE = CurrencyApp/Info.plist;
				INFOPLIST_KEY_UIApplicationSupportsIndirectInputEvents = YES;
				INFOPLIST_KEY_UILaunchStoryboardName = LaunchScreen;
				INFOPLIST_KEY_UIMainStoryboardFile = Main;
				INFOPLIST_KEY_UISupportedInterfaceOrientations_iPad = "UIInterfaceOrientationPortrait UIInterfaceOrientationPortraitUpsideDown UIInterfaceOrientationLandscapeLeft UIInterfaceOrientationLandscapeRight";
				INFOPLIST_KEY_UISupportedInterfaceOrientations_iPhone = "UIInterfaceOrientationPortrait UIInterfaceOrientationLandscapeLeft UIInterfaceOrientationLandscapeRight";
				LD_RUNPATH_SEARCH_PATHS = (
					"$(inherited)",
					"@executable_path/Frameworks",
				);
				MARKETING_VERSION = 1.0;
				PRODUCT_BUNDLE_IDENTIFIER = com.ranjanakarsh.CurrencyApp;
				PRODUCT_NAME = "$(TARGET_NAME)";
				SWIFT_EMIT_LOC_STRINGS = YES;
				SWIFT_VERSION = 5.0;
				TARGETED_DEVICE_FAMILY = "1,2";
			};
			name = Debug;
		};
		02C35D25289E5CC60099541B /* Release */ = {
			isa = XCBuildConfiguration;
			buildSettings = {
				ASSETCATALOG_COMPILER_APPICON_NAME = AppIcon;
				ASSETCATALOG_COMPILER_GLOBAL_ACCENT_COLOR_NAME = AccentColor;
				CODE_SIGN_STYLE = Automatic;
				CURRENT_PROJECT_VERSION = 1;
				GENERATE_INFOPLIST_FILE = YES;
				INFOPLIST_FILE = CurrencyApp/Info.plist;
				INFOPLIST_KEY_UIApplicationSupportsIndirectInputEvents = YES;
				INFOPLIST_KEY_UILaunchStoryboardName = LaunchScreen;
				INFOPLIST_KEY_UIMainStoryboardFile = Main;
				INFOPLIST_KEY_UISupportedInterfaceOrientations_iPad = "UIInterfaceOrientationPortrait UIInterfaceOrientationPortraitUpsideDown UIInterfaceOrientationLandscapeLeft UIInterfaceOrientationLandscapeRight";
				INFOPLIST_KEY_UISupportedInterfaceOrientations_iPhone = "UIInterfaceOrientationPortrait UIInterfaceOrientationLandscapeLeft UIInterfaceOrientationLandscapeRight";
				LD_RUNPATH_SEARCH_PATHS = (
					"$(inherited)",
					"@executable_path/Frameworks",
				);
				MARKETING_VERSION = 1.0;
				PRODUCT_BUNDLE_IDENTIFIER = com.ranjanakarsh.CurrencyApp;
				PRODUCT_NAME = "$(TARGET_NAME)";
				SWIFT_EMIT_LOC_STRINGS = YES;
				SWIFT_VERSION = 5.0;
				TARGETED_DEVICE_FAMILY = "1,2";
			};
			name = Release;
		};
/* End XCBuildConfiguration section */

/* Begin XCConfigurationList section */
		02C35D07289E5CC50099541B /* Build configuration list for PBXProject "CurrencyApp" */ = {
			isa = XCConfigurationList;
			buildConfigurations = (
				02C35D21289E5CC60099541B /* Debug */,
				02C35D22289E5CC60099541B /* Release */,
			);
			defaultConfigurationIsVisible = 0;
			defaultConfigurationName = Release;
		};
		02C35D23289E5CC60099541B /* Build configuration list for PBXNativeTarget "CurrencyApp" */ = {
			isa = XCConfigurationList;
			buildConfigurations = (
				02C35D24289E5CC60099541B /* Debug */,
				02C35D25289E5CC60099541B /* Release */,
			);
			defaultConfigurationIsVisible = 0;
			defaultConfigurationName = Release;
		};
/* End XCConfigurationList section */

/* Begin XCVersionGroup section */
		02C35D18289E5CC50099541B /* CurrencyApp.xcdatamodeld */ = {
			isa = XCVersionGroup;
			children = (
				02C35D19289E5CC50099541B /* CurrencyApp.xcdatamodel */,
			);
			currentVersion = 02C35D19289E5CC50099541B /* CurrencyApp.xcdatamodel */;
			path = CurrencyApp.xcdatamodeld;
			sourceTree = "<group>";
			versionGroupType = wrapper.xcdatamodel;
		};
/* End XCVersionGroup section */
	};
	rootObject = 02C35D04289E5CC50099541B /* Project object */;
}
